// !$*UTF8*$!
{
	archiveVersion = 1;
	classes = {
	};
	objectVersion = 55;
	objects = {

/* Begin PBXBuildFile section */
		586290BF27E234D900164EE1 /* HandleApp.swift in Sources */ = {isa = PBXBuildFile; fileRef = 586290BE27E234D900164EE1 /* HandleApp.swift */; };
		586290C127E234D900164EE1 /* ContentView.swift in Sources */ = {isa = PBXBuildFile; fileRef = 586290C027E234D900164EE1 /* ContentView.swift */; };
		586290C327E234DB00164EE1 /* Assets.xcassets in Resources */ = {isa = PBXBuildFile; fileRef = 586290C227E234DB00164EE1 /* Assets.xcassets */; };
		586290C627E234DB00164EE1 /* Preview Assets.xcassets in Resources */ = {isa = PBXBuildFile; fileRef = 586290C527E234DB00164EE1 /* Preview Assets.xcassets */; };
		586290CF27E236B200164EE1 /* CharacterBlock.swift in Sources */ = {isa = PBXBuildFile; fileRef = 586290CE27E236B200164EE1 /* CharacterBlock.swift */; };
		586290D127E24D5300164EE1 /* CharacterRowView.swift in Sources */ = {isa = PBXBuildFile; fileRef = 586290D027E24D5300164EE1 /* CharacterRowView.swift */; };
		586290D327E255EF00164EE1 /* CharacterRow.swift in Sources */ = {isa = PBXBuildFile; fileRef = 586290D227E255EF00164EE1 /* CharacterRow.swift */; };
		586290D527E2596F00164EE1 /* EmptyRowView.swift in Sources */ = {isa = PBXBuildFile; fileRef = 586290D427E2596F00164EE1 /* EmptyRowView.swift */; };
		58D38E1A27E3840A00AE2803 /* CharacterBlockView.swift in Sources */ = {isa = PBXBuildFile; fileRef = 58D38E1927E3840A00AE2803 /* CharacterBlockView.swift */; };
/* End PBXBuildFile section */

/* Begin PBXFileReference section */
		586290BB27E234D900164EE1 /* Handle.app */ = {isa = PBXFileReference; explicitFileType = wrapper.application; includeInIndex = 0; path = Handle.app; sourceTree = BUILT_PRODUCTS_DIR; };
		586290BE27E234D900164EE1 /* HandleApp.swift */ = {isa = PBXFileReference; lastKnownFileType = sourcecode.swift; path = HandleApp.swift; sourceTree = "<group>"; };
		586290C027E234D900164EE1 /* ContentView.swift */ = {isa = PBXFileReference; lastKnownFileType = sourcecode.swift; path = ContentView.swift; sourceTree = "<group>"; };
		586290C227E234DB00164EE1 /* Assets.xcassets */ = {isa = PBXFileReference; lastKnownFileType = folder.assetcatalog; path = Assets.xcassets; sourceTree = "<group>"; };
		586290C527E234DB00164EE1 /* Preview Assets.xcassets */ = {isa = PBXFileReference; lastKnownFileType = folder.assetcatalog; path = "Preview Assets.xcassets"; sourceTree = "<group>"; };
		586290CE27E236B200164EE1 /* CharacterBlock.swift */ = {isa = PBXFileReference; lastKnownFileType = sourcecode.swift; path = CharacterBlock.swift; sourceTree = "<group>"; };
		586290D027E24D5300164EE1 /* CharacterRowView.swift */ = {isa = PBXFileReference; lastKnownFileType = sourcecode.swift; path = CharacterRowView.swift; sourceTree = "<group>"; };
		586290D227E255EF00164EE1 /* CharacterRow.swift */ = {isa = PBXFileReference; lastKnownFileType = sourcecode.swift; path = CharacterRow.swift; sourceTree = "<group>"; };
		586290D427E2596F00164EE1 /* EmptyRowView.swift */ = {isa = PBXFileReference; lastKnownFileType = sourcecode.swift; path = EmptyRowView.swift; sourceTree = "<group>"; };
		58D38E1927E3840A00AE2803 /* CharacterBlockView.swift */ = {isa = PBXFileReference; fileEncoding = 4; lastKnownFileType = sourcecode.swift; path = CharacterBlockView.swift; sourceTree = "<group>"; };
/* End PBXFileReference section */

/* Begin PBXFrameworksBuildPhase section */
		586290B827E234D900164EE1 /* Frameworks */ = {
			isa = PBXFrameworksBuildPhase;
			buildActionMask = 2147483647;
			files = (
			);
			runOnlyForDeploymentPostprocessing = 0;
		};
/* End PBXFrameworksBuildPhase section */

/* Begin PBXGroup section */
		586290B227E234D900164EE1 = {
			isa = PBXGroup;
			children = (
				586290BD27E234D900164EE1 /* Handle */,
				586290BC27E234D900164EE1 /* Products */,
			);
			sourceTree = "<group>";
		};
		586290BC27E234D900164EE1 /* Products */ = {
			isa = PBXGroup;
			children = (
				586290BB27E234D900164EE1 /* Handle.app */,
			);
			name = Products;
			sourceTree = "<group>";
		};
		586290BD27E234D900164EE1 /* Handle */ = {
			isa = PBXGroup;
			children = (
				586290BE27E234D900164EE1 /* HandleApp.swift */,
				58D38E1827E3837D00AE2803 /* View */,
				58D38E1B27E3842B00AE2803 /* Model */,
				586290C227E234DB00164EE1 /* Assets.xcassets */,
				586290C427E234DB00164EE1 /* Preview Content */,
			);
			path = Handle;
			sourceTree = "<group>";
		};
		586290C427E234DB00164EE1 /* Preview Content */ = {
			isa = PBXGroup;
			children = (
				586290C527E234DB00164EE1 /* Preview Assets.xcassets */,
			);
			path = "Preview Content";
			sourceTree = "<group>";
		};
		58D38E1827E3837D00AE2803 /* View */ = {
			isa = PBXGroup;
			children = (
				58D38E1927E3840A00AE2803 /* CharacterBlockView.swift */,
				586290C027E234D900164EE1 /* ContentView.swift */,
				586290D027E24D5300164EE1 /* CharacterRowView.swift */,
				586290D427E2596F00164EE1 /* EmptyRowView.swift */,
			);
			path = View;
			sourceTree = "<group>";
		};
		58D38E1B27E3842B00AE2803 /* Model */ = {
			isa = PBXGroup;
			children = (
				586290CE27E236B200164EE1 /* CharacterBlock.swift */,
				586290D227E255EF00164EE1 /* CharacterRow.swift */,
			);
			path = Model;
			sourceTree = "<group>";
		};
/* End PBXGroup section */

/* Begin PBXNativeTarget section */
		586290BA27E234D900164EE1 /* Handle */ = {
			isa = PBXNativeTarget;
			buildConfigurationList = 586290C927E234DB00164EE1 /* Build configuration list for PBXNativeTarget "Handle" */;
			buildPhases = (
				586290B727E234D900164EE1 /* Sources */,
				586290B827E234D900164EE1 /* Frameworks */,
				586290B927E234D900164EE1 /* Resources */,
			);
			buildRules = (
			);
			dependencies = (
			);
			name = Handle;
			productName = Handle;
			productReference = 586290BB27E234D900164EE1 /* Handle.app */;
			productType = "com.apple.product-type.application";
		};
/* End PBXNativeTarget section */

/* Begin PBXProject section */
		586290B327E234D900164EE1 /* Project object */ = {
			isa = PBXProject;
			attributes = {
				BuildIndependentTargetsInParallel = 1;
				LastSwiftUpdateCheck = 1320;
				LastUpgradeCheck = 1320;
				TargetAttributes = {
					586290BA27E234D900164EE1 = {
						CreatedOnToolsVersion = 13.2.1;
					};
				};
			};
			buildConfigurationList = 586290B627E234D900164EE1 /* Build configuration list for PBXProject "Handle" */;
			compatibilityVersion = "Xcode 13.0";
			developmentRegion = en;
			hasScannedForEncodings = 0;
			knownRegions = (
				en,
				Base,
			);
			mainGroup = 586290B227E234D900164EE1;
			productRefGroup = 586290BC27E234D900164EE1 /* Products */;
			projectDirPath = "";
			projectRoot = "";
			targets = (
				586290BA27E234D900164EE1 /* Handle */,
			);
		};
/* End PBXProject section */

/* Begin PBXResourcesBuildPhase section */
		586290B927E234D900164EE1 /* Resources */ = {
			isa = PBXResourcesBuildPhase;
			buildActionMask = 2147483647;
			files = (
				586290C627E234DB00164EE1 /* Preview Assets.xcassets in Resources */,
				586290C327E234DB00164EE1 /* Assets.xcassets in Resources */,
			);
			runOnlyForDeploymentPostprocessing = 0;
		};
/* End PBXResourcesBuildPhase section */

/* Begin PBXSourcesBuildPhase section */
		586290B727E234D900164EE1 /* Sources */ = {
			isa = PBXSourcesBuildPhase;
			buildActionMask = 2147483647;
			files = (
				586290C127E234D900164EE1 /* ContentView.swift in Sources */,
				586290BF27E234D900164EE1 /* HandleApp.swift in Sources */,
				58D38E1A27E3840A00AE2803 /* CharacterBlockView.swift in Sources */,
				586290D527E2596F00164EE1 /* EmptyRowView.swift in Sources */,
				586290CF27E236B200164EE1 /* CharacterBlock.swift in Sources */,
				586290D327E255EF00164EE1 /* CharacterRow.swift in Sources */,
				586290D127E24D5300164EE1 /* CharacterRowView.swift in Sources */,
			);
			runOnlyForDeploymentPostprocessing = 0;
		};
/* End PBXSourcesBuildPhase section */

/* Begin XCBuildConfiguration section */
		586290C727E234DB00164EE1 /* Debug */ = {
			isa = XCBuildConfiguration;
			buildSettings = {
				ALWAYS_SEARCH_USER_PATHS = NO;
				CLANG_ANALYZER_NONNULL = YES;
				CLANG_ANALYZER_NUMBER_OBJECT_CONVERSION = YES_AGGRESSIVE;
				CLANG_CXX_LANGUAGE_STANDARD = "gnu++17";
				CLANG_CXX_LIBRARY = "libc++";
				CLANG_ENABLE_MODULES = YES;
				CLANG_ENABLE_OBJC_ARC = YES;
				CLANG_ENABLE_OBJC_WEAK = YES;
				CLANG_WARN_BLOCK_CAPTURE_AUTORELEASING = YES;
				CLANG_WARN_BOOL_CONVERSION = YES;
				CLANG_WARN_COMMA = YES;
				CLANG_WARN_CONSTANT_CONVERSION = YES;
				CLANG_WARN_DEPRECATED_OBJC_IMPLEMENTATIONS = YES;
				CLANG_WARN_DIRECT_OBJC_ISA_USAGE = YES_ERROR;
				CLANG_WARN_DOCUMENTATION_COMMENTS = YES;
				CLANG_WARN_EMPTY_BODY = YES;
				CLANG_WARN_ENUM_CONVERSION = YES;
				CLANG_WARN_INFINITE_RECURSION = YES;
				CLANG_WARN_INT_CONVERSION = YES;
				CLANG_WARN_NON_LITERAL_NULL_CONVERSION = YES;
				CLANG_WARN_OBJC_IMPLICIT_RETAIN_SELF = YES;
				CLANG_WARN_OBJC_LITERAL_CONVERSION = YES;
				CLANG_WARN_OBJC_ROOT_CLASS = YES_ERROR;
				CLANG_WARN_QUOTED_INCLUDE_IN_FRAMEWORK_HEADER = YES;
				CLANG_WARN_RANGE_LOOP_ANALYSIS = YES;
				CLANG_WARN_STRICT_PROTOTYPES = YES;
				CLANG_WARN_SUSPICIOUS_MOVE = YES;
				CLANG_WARN_UNGUARDED_AVAILABILITY = YES_AGGRESSIVE;
				CLANG_WARN_UNREACHABLE_CODE = YES;
				CLANG_WARN__DUPLICATE_METHOD_MATCH = YES;
				COPY_PHASE_STRIP = NO;
				DEBUG_INFORMATION_FORMAT = dwarf;
				ENABLE_STRICT_OBJC_MSGSEND = YES;
				ENABLE_TESTABILITY = YES;
				GCC_C_LANGUAGE_STANDARD = gnu11;
				GCC_DYNAMIC_NO_PIC = NO;
				GCC_NO_COMMON_BLOCKS = YES;
				GCC_OPTIMIZATION_LEVEL = 0;
				GCC_PREPROCESSOR_DEFINITIONS = (
					"DEBUG=1",
					"$(inherited)",
				);
				GCC_WARN_64_TO_32_BIT_CONVERSION = YES;
				GCC_WARN_ABOUT_RETURN_TYPE = YES_ERROR;
				GCC_WARN_UNDECLARED_SELECTOR = YES;
				GCC_WARN_UNINITIALIZED_AUTOS = YES_AGGRESSIVE;
				GCC_WARN_UNUSED_FUNCTION = YES;
				GCC_WARN_UNUSED_VARIABLE = YES;
				IPHONEOS_DEPLOYMENT_TARGET = 15.2;
				MTL_ENABLE_DEBUG_INFO = INCLUDE_SOURCE;
				MTL_FAST_MATH = YES;
				ONLY_ACTIVE_ARCH = YES;
				SDKROOT = iphoneos;
				SWIFT_ACTIVE_COMPILATION_CONDITIONS = DEBUG;
				SWIFT_OPTIMIZATION_LEVEL = "-Onone";
			};
			name = Debug;
		};
		586290C827E234DB00164EE1 /* Release */ = {
			isa = XCBuildConfiguration;
			buildSettings = {
				ALWAYS_SEARCH_USER_PATHS = NO;
				CLANG_ANALYZER_NONNULL = YES;
				CLANG_ANALYZER_NUMBER_OBJECT_CONVERSION = YES_AGGRESSIVE;
				CLANG_CXX_LANGUAGE_STANDARD = "gnu++17";
				CLANG_CXX_LIBRARY = "libc++";
				CLANG_ENABLE_MODULES = YES;
				CLANG_ENABLE_OBJC_ARC = YES;
				CLANG_ENABLE_OBJC_WEAK = YES;
				CLANG_WARN_BLOCK_CAPTURE_AUTORELEASING = YES;
				CLANG_WARN_BOOL_CONVERSION = YES;
				CLANG_WARN_COMMA = YES;
				CLANG_WARN_CONSTANT_CONVERSION = YES;
				CLANG_WARN_DEPRECATED_OBJC_IMPLEMENTATIONS = YES;
				CLANG_WARN_DIRECT_OBJC_ISA_USAGE = YES_ERROR;
				CLANG_WARN_DOCUMENTATION_COMMENTS = YES;
				CLANG_WARN_EMPTY_BODY = YES;
				CLANG_WARN_ENUM_CONVERSION = YES;
				CLANG_WARN_INFINITE_RECURSION = YES;
				CLANG_WARN_INT_CONVERSION = YES;
				CLANG_WARN_NON_LITERAL_NULL_CONVERSION = YES;
				CLANG_WARN_OBJC_IMPLICIT_RETAIN_SELF = YES;
				CLANG_WARN_OBJC_LITERAL_CONVERSION = YES;
				CLANG_WARN_OBJC_ROOT_CLASS = YES_ERROR;
				CLANG_WARN_QUOTED_INCLUDE_IN_FRAMEWORK_HEADER = YES;
				CLANG_WARN_RANGE_LOOP_ANALYSIS = YES;
				CLANG_WARN_STRICT_PROTOTYPES = YES;
				CLANG_WARN_SUSPICIOUS_MOVE = YES;
				CLANG_WARN_UNGUARDED_AVAILABILITY = YES_AGGRESSIVE;
				CLANG_WARN_UNREACHABLE_CODE = YES;
				CLANG_WARN__DUPLICATE_METHOD_MATCH = YES;
				COPY_PHASE_STRIP = NO;
				DEBUG_INFORMATION_FORMAT = "dwarf-with-dsym";
				ENABLE_NS_ASSERTIONS = NO;
				ENABLE_STRICT_OBJC_MSGSEND = YES;
				GCC_C_LANGUAGE_STANDARD = gnu11;
				GCC_NO_COMMON_BLOCKS = YES;
				GCC_WARN_64_TO_32_BIT_CONVERSION = YES;
				GCC_WARN_ABOUT_RETURN_TYPE = YES_ERROR;
				GCC_WARN_UNDECLARED_SELECTOR = YES;
				GCC_WARN_UNINITIALIZED_AUTOS = YES_AGGRESSIVE;
				GCC_WARN_UNUSED_FUNCTION = YES;
				GCC_WARN_UNUSED_VARIABLE = YES;
				IPHONEOS_DEPLOYMENT_TARGET = 15.2;
				MTL_ENABLE_DEBUG_INFO = NO;
				MTL_FAST_MATH = YES;
				SDKROOT = iphoneos;
				SWIFT_COMPILATION_MODE = wholemodule;
				SWIFT_OPTIMIZATION_LEVEL = "-O";
				VALIDATE_PRODUCT = YES;
			};
			name = Release;
		};
		586290CA27E234DB00164EE1 /* Debug */ = {
			isa = XCBuildConfiguration;
			buildSettings = {
				ASSETCATALOG_COMPILER_APPICON_NAME = AppIcon;
				ASSETCATALOG_COMPILER_GLOBAL_ACCENT_COLOR_NAME = AccentColor;
				CODE_SIGN_STYLE = Automatic;
				CURRENT_PROJECT_VERSION = 1;
				DEVELOPMENT_ASSET_PATHS = "\"Handle/Preview Content\"";
				DEVELOPMENT_TEAM = YPKLYP9B4P;
				ENABLE_PREVIEWS = YES;
				GENERATE_INFOPLIST_FILE = YES;
				INFOPLIST_KEY_UIApplicationSceneManifest_Generation = YES;
				INFOPLIST_KEY_UIApplicationSupportsIndirectInputEvents = YES;
				INFOPLIST_KEY_UILaunchScreen_Generation = YES;
				INFOPLIST_KEY_UISupportedInterfaceOrientations_iPad = "UIInterfaceOrientationPortrait UIInterfaceOrientationPortraitUpsideDown UIInterfaceOrientationLandscapeLeft UIInterfaceOrientationLandscapeRight";
				INFOPLIST_KEY_UISupportedInterfaceOrientations_iPhone = "UIInterfaceOrientationPortrait UIInterfaceOrientationLandscapeLeft UIInterfaceOrientationLandscapeRight";
				LD_RUNPATH_SEARCH_PATHS = (
					"$(inherited)",
					"@executable_path/Frameworks",
				);
				MARKETING_VERSION = 1.0;
				PRODUCT_BUNDLE_IDENTIFIER = edu.wustl.yuheng.Handle;
				PRODUCT_NAME = "$(TARGET_NAME)";
				SWIFT_EMIT_LOC_STRINGS = YES;
				SWIFT_VERSION = 5.0;
				TARGETED_DEVICE_FAMILY = "1,2";
			};
			name = Debug;
		};
		586290CB27E234DB00164EE1 /* Release */ = {
			isa = XCBuildConfiguration;
			buildSettings = {
				ASSETCATALOG_COMPILER_APPICON_NAME = AppIcon;
				ASSETCATALOG_COMPILER_GLOBAL_ACCENT_COLOR_NAME = AccentColor;
				CODE_SIGN_STYLE = Automatic;
				CURRENT_PROJECT_VERSION = 1;
				DEVELOPMENT_ASSET_PATHS = "\"Handle/Preview Content\"";
				DEVELOPMENT_TEAM = YPKLYP9B4P;
				ENABLE_PREVIEWS = YES;
				GENERATE_INFOPLIST_FILE = YES;
				INFOPLIST_KEY_UIApplicationSceneManifest_Generation = YES;
				INFOPLIST_KEY_UIApplicationSupportsIndirectInputEvents = YES;
				INFOPLIST_KEY_UILaunchScreen_Generation = YES;
				INFOPLIST_KEY_UISupportedInterfaceOrientations_iPad = "UIInterfaceOrientationPortrait UIInterfaceOrientationPortraitUpsideDown UIInterfaceOrientationLandscapeLeft UIInterfaceOrientationLandscapeRight";
				INFOPLIST_KEY_UISupportedInterfaceOrientations_iPhone = "UIInterfaceOrientationPortrait UIInterfaceOrientationLandscapeLeft UIInterfaceOrientationLandscapeRight";
				LD_RUNPATH_SEARCH_PATHS = (
					"$(inherited)",
					"@executable_path/Frameworks",
				);
				MARKETING_VERSION = 1.0;
				PRODUCT_BUNDLE_IDENTIFIER = edu.wustl.yuheng.Handle;
				PRODUCT_NAME = "$(TARGET_NAME)";
				SWIFT_EMIT_LOC_STRINGS = YES;
				SWIFT_VERSION = 5.0;
				TARGETED_DEVICE_FAMILY = "1,2";
			};
			name = Release;
		};
/* End XCBuildConfiguration section */

/* Begin XCConfigurationList section */
		586290B627E234D900164EE1 /* Build configuration list for PBXProject "Handle" */ = {
			isa = XCConfigurationList;
			buildConfigurations = (
				586290C727E234DB00164EE1 /* Debug */,
				586290C827E234DB00164EE1 /* Release */,
			);
			defaultConfigurationIsVisible = 0;
			defaultConfigurationName = Release;
		};
		586290C927E234DB00164EE1 /* Build configuration list for PBXNativeTarget "Handle" */ = {
			isa = XCConfigurationList;
			buildConfigurations = (
				586290CA27E234DB00164EE1 /* Debug */,
				586290CB27E234DB00164EE1 /* Release */,
			);
			defaultConfigurationIsVisible = 0;
			defaultConfigurationName = Release;
		};
/* End XCConfigurationList section */
	};
	rootObject = 586290B327E234D900164EE1 /* Project object */;
}
